Microsoft Visual Studio Solution File, Format Version 12.00
# Visual Studio 2012
Project("{FAE04EC0-301F-11D3-BF4B-00C04F79EFBC}") = "Maze Port", "Maze Port.csproj", "{08AA0BC9-E1AB-4270-A5C5-69489793C544}"
EndProject
Global
	GlobalSection(SolutionConfigurationPlatforms) = preSolution
	Debug|Any CPU = Debug|Any CPU
	ExportDebug|Any CPU = ExportDebug|Any CPU
	ExportRelease|Any CPU = ExportRelease|Any CPU
	EndGlobalSection
	GlobalSection(ProjectConfigurationPlatforms) = postSolution
		{08AA0BC9-E1AB-4270-A5C5-69489793C544}.Debug|Any CPU.ActiveCfg = Debug|Any CPU
		{08AA0BC9-E1AB-4270-A5C5-69489793C544}.Debug|Any CPU.Build.0 = Debug|Any CPU
		{08AA0BC9-E1AB-4270-A5C5-69489793C544}.ExportDebug|Any CPU.ActiveCfg = ExportDebug|Any CPU
		{08AA0BC9-E1AB-4270-A5C5-69489793C544}.ExportDebug|Any CPU.Build.0 = ExportDebug|Any CPU
		{08AA0BC9-E1AB-4270-A5C5-69489793C544}.ExportRelease|Any CPU.ActiveCfg = ExportRelease|Any CPU
		{08AA0BC9-E1AB-4270-A5C5-69489793C544}.ExportRelease|Any CPU.Build.0 = ExportRelease|Any CPU
	EndGlobalSection
EndGlobal
